
Microsoft Visual Studio Solution File, Format Version 12.00
# Visual Studio 15
VisualStudioVersion = 15.0.28307.645
MinimumVisualStudioVersion = 10.0.40219.1
Project("{FAE04EC0-301F-11D3-BF4B-00C04F79EFBC}") = "FileZipper", "FileZipper\FileZipper.csproj", "{9AA71FB8-3C2C-4B27-A9C7-E82457270408}"
EndProject
Global
	GlobalSection(SolutionConfigurationPlatforms) = preSolution
		Debug|Any CPU = Debug|Any CPU
		Release|Any CPU = Release|Any CPU
	EndGlobalSection
	GlobalSection(ProjectConfigurationPlatforms) = postSolution
		{9AA71FB8-3C2C-4B27-A9C7-E82457270408}.Debug|Any CPU.ActiveCfg = Debug|Any CPU
		{9AA71FB8-3C2C-4B27-A9C7-E82457270408}.Debug|Any CPU.Build.0 = Debug|Any CPU
		{9AA71FB8-3C2C-4B27-A9C7-E82457270408}.Release|Any CPU.ActiveCfg = Release|Any CPU
		{9AA71FB8-3C2C-4B27-A9C7-E82457270408}.Release|Any CPU.Build.0 = Release|Any CPU
	EndGlobalSection
	GlobalSection(SolutionProperties) = preSolution
		HideSolutionNode = FALSE
	EndGlobalSection
	GlobalSection(ExtensibilityGlobals) = postSolution
		SolutionGuid = {60219485-2E23-43FE-8BE0-117B816807C8}
	EndGlobalSection
EndGlobal
